{
  "requires": true,
  "lockfileVersion": 1,
  "dependencies": {
    "ng-starrating": {
      "version": "1.0.20",
      "resolved": "https://registry.npmjs.org/ng-starrating/-/ng-starrating-1.0.20.tgz",
      "integrity": "sha512-RQO9B/EVYHvu4oG8ZAR0sr91d1ouuyr4dzQDa4g1Bgi0tr4Ow6VGJKxrqhu2n8MgdLuaCWGvp9dhXWL1qxTw7Q=="
    }
  }
}
